github.com/disintegration/gift v1.1.2 h1:9ZyHJr+kPamiH10FX3Pynt1AxFUob812bU9Wt4GMzhs=
github.com/disintegration/gift v1.1.2/go.mod h1:Jh2i7f7Q2BM7Ezno3PhfezbR1xpUg9dUg3/RlKGr4HI=
github.com/disintegration/imageorient v0.0.0-20180920195336-8147d86e83ec h1:YrB6aVr9touOt75I9O1SiancmR2GMg45U9UYf0gtgWg=
github.com/disintegration/imageorient v0.0.0-20180920195336-8147d86e83ec/go.mod h1:K0KBFIr1gWu/C1Gp10nFAcAE4hsB7JxE6OgLijrJ8Sk=
github.com/gofrs/uuid v3.3.0+incompatible/go.mod h1:b2aQJv3Z4Fp6yNu3cdSllBxTCLRxnplIgP/c0N/04lM=
github.com/kr/pretty v0.1.0 h1:L/CwN0zerZDmRFUapSPitk6f+Q3+0za1rQkzVuMiMFI=
github.com/kr/pretty v0.1.0/go.mod h1:dAy3ld7l9f0ibDNOQOHHMYYIIbhfbHSm3C4ZsoJORNo=
github.com/kr/pty v1.1.1/go.mod h1:pFQYn66WHrOpPYNljwOMqo10TkYh1fy3cYio2l3bCsQ=
github.com/kr/text v0.1.0 h1:45sCR5RtlFHMR4UwH9sdQ5TC8v0qDQCHnXt+kaKSTVE=
github.com/kr/text v0.1.0/go.mod h1:4Jbv+DJW3UT/LiOwJeYQe1efqtUx/iVham/4vfdArNI=
github.com/kylemcc/twitter-text-go v0.0.0-20180726194232-7f582f6736ec/go.mod h1:voECJzdraJmolzPBgL9Z7ANwXf4oMXaTCsIkdiPpR/g=
github.com/microcosm-cc/bluemonday v1.0.2/go.mod h1:iVP4YcDBq+n/5fb23BhYFvIMq/leAFZyRl6bYmGDlGc=
github.com/shurcooL/sanitized_anchor_name v1.0.0/go.mod h1:1NzhyTcUVG4SuEtjjoZeVRXNmyL/1OwPU0+IJeTBvfc=
github.com/writeas/impart v1.1.0/go.mod h1:g0MpxdnTOHHrl+Ca/2oMXUHJ0PcRAEWtkCzYCJUXC9Y=
github.com/writeas/openssl-go v1.0.0/go.mod h1:WsKeK5jYl0B5y8ggOmtVjbmb+3rEGqSD25TppjJnETA=
github.com/writeas/saturday v1.6.0/go.mod h1:ETE1EK6ogxptJpAgUbcJD0prAtX48bSloie80+tvnzQ=
github.com/writeas/web-core v1.3.0 h1:oEVJBPZhrFMf9eya+DvFUX1i8NZGZe1eu5sQXnhuzKw=
github.com/writeas/web-core v1.3.0/go.mod h1:DzNxa0YLV/wNeeWeHFPNa/nHmyJBFIIzXN/m9PpDm5c=
golang.org/x/crypto v0.0.0-20190131182504-b8fe1690c613/go.mod h1:6SG95UA2DQfeDnfUPMdvaQW0Q7yPrPDi9nlGo2tz2b4=
golang.org/x/net v0.0.0-20181220203305-927f97764cc3/go.mod h1:mL1N/T3taQHkDXs73rZJwtUhF3w3ftmwwsq0BUmARs4=
gopkg.in/check.v1 v1.0.0-20180628173108-788fd7840127 h1:qIbj1fsPNlZgppZ+VLlY7N33q108Sa+fhmuc+sWQYwY=
gopkg.in/check.v1 v1.0.0-20180628173108-788fd7840127/go.mod h1:Co6ibVJAznAaIkqp8huTwlJQCZ016jof/cbN4VW5Yz0=
gopkg.in/yaml.v1 v1.0.0-20140924161607-9f9df34309c0/go.mod h1:WDnlLJ4WF5VGsH/HVa3CI79GS0ol3YnhVnKP89i0kNg=
